
Microsoft Visual Studio Solution File, Format Version 12.00
# Visual Studio 2015
Project("{FAE04EC0-301F-11D3-BF4B-00C04F79EFBC}") = "DarkZeldaRougelike.CSharp", "DarkZeldaRougelike.CSharp.csproj", "{8C9CA9F7-B853-948B-5921-6D6C133D3224}"
EndProject
Project("{FAE04EC0-301F-11D3-BF4B-00C04F79EFBC}") = "DarkZeldaRougelike.CSharp.Editor", "DarkZeldaRougelike.CSharp.Editor.csproj", "{527E5103-20C5-D9A4-8E76-59A0E88DBC9C}"
EndProject
Global
	GlobalSection(SolutionConfigurationPlatforms) = preSolution
		Debug|Any CPU = Debug|Any CPU
		Release|Any CPU = Release|Any CPU
	EndGlobalSection
	GlobalSection(ProjectConfigurationPlatforms) = postSolution
		{8C9CA9F7-B853-948B-5921-6D6C133D3224}.Debug|Any CPU.ActiveCfg = Debug|Any CPU
		{8C9CA9F7-B853-948B-5921-6D6C133D3224}.Debug|Any CPU.Build.0 = Debug|Any CPU
		{8C9CA9F7-B853-948B-5921-6D6C133D3224}.Release|Any CPU.ActiveCfg = Release|Any CPU
		{8C9CA9F7-B853-948B-5921-6D6C133D3224}.Release|Any CPU.Build.0 = Release|Any CPU
		{527E5103-20C5-D9A4-8E76-59A0E88DBC9C}.Debug|Any CPU.ActiveCfg = Debug|Any CPU
		{527E5103-20C5-D9A4-8E76-59A0E88DBC9C}.Debug|Any CPU.Build.0 = Debug|Any CPU
		{527E5103-20C5-D9A4-8E76-59A0E88DBC9C}.Release|Any CPU.ActiveCfg = Release|Any CPU
		{527E5103-20C5-D9A4-8E76-59A0E88DBC9C}.Release|Any CPU.Build.0 = Release|Any CPU
	EndGlobalSection
	GlobalSection(SolutionProperties) = preSolution
		HideSolutionNode = FALSE
	EndGlobalSection
EndGlobal
